// !$*UTF8*$!
{
	archiveVersion = 1;
	classes = {
	};
	objectVersion = 56;
	objects = {

/* Begin PBXBuildFile section */
		2C1309BD292699210035F14D /* Assets.xcassets in Resources */ = {isa = PBXBuildFile; fileRef = 2C1309B9292699200035F14D /* Assets.xcassets */; };
		2C1309BF292699210035F14D /* FltrWalletMainApp.swift in Sources */ = {isa = PBXBuildFile; fileRef = 2C1309BC292699200035F14D /* FltrWalletMainApp.swift */; };
		2C1A3B6329269A6C006AD600 /* blockheaders_2021.json in Resources */ = {isa = PBXBuildFile; fileRef = 2C1A3B5729269A6C006AD600 /* blockheaders_2021.json */; };
		2C1A3B6429269A6C006AD600 /* swoosh.mp3 in Resources */ = {isa = PBXBuildFile; fileRef = 2C1A3B5929269A6C006AD600 /* swoosh.mp3 */; };
		2C1A3B6529269A6C006AD600 /* coins.wav in Resources */ = {isa = PBXBuildFile; fileRef = 2C1A3B5A29269A6C006AD600 /* coins.wav */; };
		2C1A3B6629269A6C006AD600 /* blockheaders_2018.json in Resources */ = {isa = PBXBuildFile; fileRef = 2C1A3B5B29269A6C006AD600 /* blockheaders_2018.json */; };
		2C1A3B6729269A6C006AD600 /* blockheaders_2017.json in Resources */ = {isa = PBXBuildFile; fileRef = 2C1A3B5C29269A6C006AD600 /* blockheaders_2017.json */; };
		2C1A3B6829269A6C006AD600 /* blockheaders_2016.json in Resources */ = {isa = PBXBuildFile; fileRef = 2C1A3B5D29269A6C006AD600 /* blockheaders_2016.json */; };
		2C1A3B6929269A6C006AD600 /* blockheaders_2014.json in Resources */ = {isa = PBXBuildFile; fileRef = 2C1A3B5E29269A6C006AD600 /* blockheaders_2014.json */; };
		2C1A3B6A29269A6C006AD600 /* blockheaders_2022.json in Resources */ = {isa = PBXBuildFile; fileRef = 2C1A3B5F29269A6C006AD600 /* blockheaders_2022.json */; };
		2C1A3B6B29269A6C006AD600 /* blockheaders_2015.json in Resources */ = {isa = PBXBuildFile; fileRef = 2C1A3B6029269A6C006AD600 /* blockheaders_2015.json */; };
		2C1A3B6C29269A6C006AD600 /* blockheaders_2019.json in Resources */ = {isa = PBXBuildFile; fileRef = 2C1A3B6129269A6C006AD600 /* blockheaders_2019.json */; };
		2C1A3B6D29269A6C006AD600 /* blockheaders_2020.json in Resources */ = {isa = PBXBuildFile; fileRef = 2C1A3B6229269A6C006AD600 /* blockheaders_2020.json */; };
		2C753CAF29B0C361003F0784 /* fltrWallet-lib in Frameworks */ = {isa = PBXBuildFile; productRef = 2C753CAE29B0C361003F0784 /* fltrWallet-lib */; };
/* End PBXBuildFile section */

/* Begin PBXFileReference section */
		2C1309B9292699200035F14D /* Assets.xcassets */ = {isa = PBXFileReference; lastKnownFileType = folder.assetcatalog; path = Assets.xcassets; sourceTree = "<group>"; };
		2C1309BC292699200035F14D /* FltrWalletMainApp.swift */ = {isa = PBXFileReference; fileEncoding = 4; lastKnownFileType = sourcecode.swift; path = FltrWalletMainApp.swift; sourceTree = "<group>"; };
		2C1A3B5729269A6C006AD600 /* blockheaders_2021.json */ = {isa = PBXFileReference; fileEncoding = 4; lastKnownFileType = text.json; path = blockheaders_2021.json; sourceTree = "<group>"; };
		2C1A3B5929269A6C006AD600 /* swoosh.mp3 */ = {isa = PBXFileReference; lastKnownFileType = audio.mp3; path = swoosh.mp3; sourceTree = "<group>"; };
		2C1A3B5A29269A6C006AD600 /* coins.wav */ = {isa = PBXFileReference; lastKnownFileType = audio.wav; path = coins.wav; sourceTree = "<group>"; };
		2C1A3B5B29269A6C006AD600 /* blockheaders_2018.json */ = {isa = PBXFileReference; fileEncoding = 4; lastKnownFileType = text.json; path = blockheaders_2018.json; sourceTree = "<group>"; };
		2C1A3B5C29269A6C006AD600 /* blockheaders_2017.json */ = {isa = PBXFileReference; fileEncoding = 4; lastKnownFileType = text.json; path = blockheaders_2017.json; sourceTree = "<group>"; };
		2C1A3B5D29269A6C006AD600 /* blockheaders_2016.json */ = {isa = PBXFileReference; fileEncoding = 4; lastKnownFileType = text.json; path = blockheaders_2016.json; sourceTree = "<group>"; };
		2C1A3B5E29269A6C006AD600 /* blockheaders_2014.json */ = {isa = PBXFileReference; fileEncoding = 4; lastKnownFileType = text.json; path = blockheaders_2014.json; sourceTree = "<group>"; };
		2C1A3B5F29269A6C006AD600 /* blockheaders_2022.json */ = {isa = PBXFileReference; fileEncoding = 4; lastKnownFileType = text.json; path = blockheaders_2022.json; sourceTree = "<group>"; };
		2C1A3B6029269A6C006AD600 /* blockheaders_2015.json */ = {isa = PBXFileReference; fileEncoding = 4; lastKnownFileType = text.json; path = blockheaders_2015.json; sourceTree = "<group>"; };
		2C1A3B6129269A6C006AD600 /* blockheaders_2019.json */ = {isa = PBXFileReference; fileEncoding = 4; lastKnownFileType = text.json; path = blockheaders_2019.json; sourceTree = "<group>"; };
		2C1A3B6229269A6C006AD600 /* blockheaders_2020.json */ = {isa = PBXFileReference; fileEncoding = 4; lastKnownFileType = text.json; path = blockheaders_2020.json; sourceTree = "<group>"; };
		2CEC6CD4292695AF000EB2E5 /* fltrWallet.app */ = {isa = PBXFileReference; explicitFileType = wrapper.application; includeInIndex = 0; path = fltrWallet.app; sourceTree = BUILT_PRODUCTS_DIR; };
/* End PBXFileReference section */

/* Begin PBXFrameworksBuildPhase section */
		2CEC6CD1292695AF000EB2E5 /* Frameworks */ = {
			isa = PBXFrameworksBuildPhase;
			buildActionMask = 2147483647;
			files = (
				2C753CAF29B0C361003F0784 /* fltrWallet-lib in Frameworks */,
			);
			runOnlyForDeploymentPostprocessing = 0;
		};
/* End PBXFrameworksBuildPhase section */

/* Begin PBXGroup section */
		2C1309B8292699200035F14D /* fltrWallet */ = {
			isa = PBXGroup;
			children = (
				2C1A3B5E29269A6C006AD600 /* blockheaders_2014.json */,
				2C1A3B6029269A6C006AD600 /* blockheaders_2015.json */,
				2C1A3B5D29269A6C006AD600 /* blockheaders_2016.json */,
				2C1A3B5C29269A6C006AD600 /* blockheaders_2017.json */,
				2C1A3B5B29269A6C006AD600 /* blockheaders_2018.json */,
				2C1A3B6129269A6C006AD600 /* blockheaders_2019.json */,
				2C1A3B6229269A6C006AD600 /* blockheaders_2020.json */,
				2C1A3B5729269A6C006AD600 /* blockheaders_2021.json */,
				2C1A3B5F29269A6C006AD600 /* blockheaders_2022.json */,
				2C1A3B5829269A6C006AD600 /* Sounds */,
				2C1309B9292699200035F14D /* Assets.xcassets */,
				2C1309BC292699200035F14D /* FltrWalletMainApp.swift */,
			);
			path = fltrWallet;
			sourceTree = "<group>";
		};
		2C1A3B5829269A6C006AD600 /* Sounds */ = {
			isa = PBXGroup;
			children = (
				2C1A3B5929269A6C006AD600 /* swoosh.mp3 */,
				2C1A3B5A29269A6C006AD600 /* coins.wav */,
			);
			path = Sounds;
			sourceTree = "<group>";
		};
		2CEC6CCB292695AF000EB2E5 = {
			isa = PBXGroup;
			children = (
				2C1309B8292699200035F14D /* fltrWallet */,
				2CEC6CD5292695AF000EB2E5 /* Products */,
			);
			sourceTree = "<group>";
		};
		2CEC6CD5292695AF000EB2E5 /* Products */ = {
			isa = PBXGroup;
			children = (
				2CEC6CD4292695AF000EB2E5 /* fltrWallet.app */,
			);
			name = Products;
			sourceTree = "<group>";
		};
/* End PBXGroup section */

/* Begin PBXNativeTarget section */
		2CEC6CD3292695AF000EB2E5 /* fltrWallet */ = {
			isa = PBXNativeTarget;
			buildConfigurationList = 2CEC6CE2292695AF000EB2E5 /* Build configuration list for PBXNativeTarget "fltrWallet" */;
			buildPhases = (
				2CEC6CD0292695AF000EB2E5 /* Sources */,
				2CEC6CD1292695AF000EB2E5 /* Frameworks */,
				2CEC6CD2292695AF000EB2E5 /* Resources */,
			);
			buildRules = (
			);
			dependencies = (
			);
			name = fltrWallet;
			packageProductDependencies = (
				2C753CAE29B0C361003F0784 /* fltrWallet-lib */,
			);
			productName = "fltrWallet - Bitcoin Wallet";
			productReference = 2CEC6CD4292695AF000EB2E5 /* fltrWallet.app */;
			productType = "com.apple.product-type.application";
		};
/* End PBXNativeTarget section */

/* Begin PBXProject section */
		2CEC6CCC292695AF000EB2E5 /* Project object */ = {
			isa = PBXProject;
			attributes = {
				BuildIndependentTargetsInParallel = 1;
				LastSwiftUpdateCheck = 1410;
				LastUpgradeCheck = 1410;
				TargetAttributes = {
					2CEC6CD3292695AF000EB2E5 = {
						CreatedOnToolsVersion = 14.1;
					};
				};
			};
			buildConfigurationList = 2CEC6CCF292695AF000EB2E5 /* Build configuration list for PBXProject "fltrWallet" */;
			compatibilityVersion = "Xcode 14.0";
			developmentRegion = en;
			hasScannedForEncodings = 0;
			knownRegions = (
				en,
				Base,
			);
			mainGroup = 2CEC6CCB292695AF000EB2E5;
			packageReferences = (
				2C753CAD29B0C361003F0784 /* XCRemoteSwiftPackageReference "fltrWallet" */,
			);
			productRefGroup = 2CEC6CD5292695AF000EB2E5 /* Products */;
			projectDirPath = "";
			projectRoot = "";
			targets = (
				2CEC6CD3292695AF000EB2E5 /* fltrWallet */,
			);
		};
/* End PBXProject section */

/* Begin PBXResourcesBuildPhase section */
		2CEC6CD2292695AF000EB2E5 /* Resources */ = {
			isa = PBXResourcesBuildPhase;
			buildActionMask = 2147483647;
			files = (
				2C1A3B6329269A6C006AD600 /* blockheaders_2021.json in Resources */,
				2C1A3B6529269A6C006AD600 /* coins.wav in Resources */,
				2C1A3B6B29269A6C006AD600 /* blockheaders_2015.json in Resources */,
				2C1A3B6A29269A6C006AD600 /* blockheaders_2022.json in Resources */,
				2C1A3B6C29269A6C006AD600 /* blockheaders_2019.json in Resources */,
				2C1A3B6929269A6C006AD600 /* blockheaders_2014.json in Resources */,
				2C1A3B6629269A6C006AD600 /* blockheaders_2018.json in Resources */,
				2C1A3B6D29269A6C006AD600 /* blockheaders_2020.json in Resources */,
				2C1309BD292699210035F14D /* Assets.xcassets in Resources */,
				2C1A3B6829269A6C006AD600 /* blockheaders_2016.json in Resources */,
				2C1A3B6429269A6C006AD600 /* swoosh.mp3 in Resources */,
				2C1A3B6729269A6C006AD600 /* blockheaders_2017.json in Resources */,
			);
			runOnlyForDeploymentPostprocessing = 0;
		};
/* End PBXResourcesBuildPhase section */

/* Begin PBXSourcesBuildPhase section */
		2CEC6CD0292695AF000EB2E5 /* Sources */ = {
			isa = PBXSourcesBuildPhase;
			buildActionMask = 2147483647;
			files = (
				2C1309BF292699210035F14D /* FltrWalletMainApp.swift in Sources */,
			);
			runOnlyForDeploymentPostprocessing = 0;
		};
/* End PBXSourcesBuildPhase section */

/* Begin XCBuildConfiguration section */
		2CEC6CE0292695AF000EB2E5 /* Debug */ = {
			isa = XCBuildConfiguration;
			buildSettings = {
				ALWAYS_SEARCH_USER_PATHS = NO;
				CLANG_ANALYZER_NONNULL = YES;
				CLANG_ANALYZER_NUMBER_OBJECT_CONVERSION = YES_AGGRESSIVE;
				CLANG_CXX_LANGUAGE_STANDARD = "gnu++20";
				CLANG_ENABLE_MODULES = YES;
				CLANG_ENABLE_OBJC_ARC = YES;
				CLANG_ENABLE_OBJC_WEAK = YES;
				CLANG_WARN_BLOCK_CAPTURE_AUTORELEASING = YES;
				CLANG_WARN_BOOL_CONVERSION = YES;
				CLANG_WARN_COMMA = YES;
				CLANG_WARN_CONSTANT_CONVERSION = YES;
				CLANG_WARN_DEPRECATED_OBJC_IMPLEMENTATIONS = YES;
				CLANG_WARN_DIRECT_OBJC_ISA_USAGE = YES_ERROR;
				CLANG_WARN_DOCUMENTATION_COMMENTS = YES;
				CLANG_WARN_EMPTY_BODY = YES;
				CLANG_WARN_ENUM_CONVERSION = YES;
				CLANG_WARN_INFINITE_RECURSION = YES;
				CLANG_WARN_INT_CONVERSION = YES;
				CLANG_WARN_NON_LITERAL_NULL_CONVERSION = YES;
				CLANG_WARN_OBJC_IMPLICIT_RETAIN_SELF = YES;
				CLANG_WARN_OBJC_LITERAL_CONVERSION = YES;
				CLANG_WARN_OBJC_ROOT_CLASS = YES_ERROR;
				CLANG_WARN_QUOTED_INCLUDE_IN_FRAMEWORK_HEADER = YES;
				CLANG_WARN_RANGE_LOOP_ANALYSIS = YES;
				CLANG_WARN_STRICT_PROTOTYPES = YES;
				CLANG_WARN_SUSPICIOUS_MOVE = YES;
				CLANG_WARN_UNGUARDED_AVAILABILITY = YES_AGGRESSIVE;
				CLANG_WARN_UNREACHABLE_CODE = YES;
				CLANG_WARN__DUPLICATE_METHOD_MATCH = YES;
				COPY_PHASE_STRIP = NO;
				DEBUG_INFORMATION_FORMAT = dwarf;
				ENABLE_STRICT_OBJC_MSGSEND = YES;
				ENABLE_TESTABILITY = YES;
				GCC_C_LANGUAGE_STANDARD = gnu11;
				GCC_DYNAMIC_NO_PIC = NO;
				GCC_NO_COMMON_BLOCKS = YES;
				GCC_OPTIMIZATION_LEVEL = 0;
				GCC_PREPROCESSOR_DEFINITIONS = (
					"DEBUG=1",
					"$(inherited)",
				);
				GCC_WARN_64_TO_32_BIT_CONVERSION = YES;
				GCC_WARN_ABOUT_RETURN_TYPE = YES_ERROR;
				GCC_WARN_UNDECLARED_SELECTOR = YES;
				GCC_WARN_UNINITIALIZED_AUTOS = YES_AGGRESSIVE;
				GCC_WARN_UNUSED_FUNCTION = YES;
				GCC_WARN_UNUSED_VARIABLE = YES;
				IPHONEOS_DEPLOYMENT_TARGET = 14.0;
				MTL_ENABLE_DEBUG_INFO = INCLUDE_SOURCE;
				MTL_FAST_MATH = YES;
				ONLY_ACTIVE_ARCH = YES;
				SDKROOT = iphoneos;
				SWIFT_ACTIVE_COMPILATION_CONDITIONS = DEBUG;
				SWIFT_OPTIMIZATION_LEVEL = "-Onone";
			};
			name = Debug;
		};
		2CEC6CE1292695AF000EB2E5 /* Release */ = {
			isa = XCBuildConfiguration;
			buildSettings = {
				ALWAYS_SEARCH_USER_PATHS = NO;
				CLANG_ANALYZER_NONNULL = YES;
				CLANG_ANALYZER_NUMBER_OBJECT_CONVERSION = YES_AGGRESSIVE;
				CLANG_CXX_LANGUAGE_STANDARD = "gnu++20";
				CLANG_ENABLE_MODULES = YES;
				CLANG_ENABLE_OBJC_ARC = YES;
				CLANG_ENABLE_OBJC_WEAK = YES;
				CLANG_WARN_BLOCK_CAPTURE_AUTORELEASING = YES;
				CLANG_WARN_BOOL_CONVERSION = YES;
				CLANG_WARN_COMMA = YES;
				CLANG_WARN_CONSTANT_CONVERSION = YES;
				CLANG_WARN_DEPRECATED_OBJC_IMPLEMENTATIONS = YES;
				CLANG_WARN_DIRECT_OBJC_ISA_USAGE = YES_ERROR;
				CLANG_WARN_DOCUMENTATION_COMMENTS = YES;
				CLANG_WARN_EMPTY_BODY = YES;
				CLANG_WARN_ENUM_CONVERSION = YES;
				CLANG_WARN_INFINITE_RECURSION = YES;
				CLANG_WARN_INT_CONVERSION = YES;
				CLANG_WARN_NON_LITERAL_NULL_CONVERSION = YES;
				CLANG_WARN_OBJC_IMPLICIT_RETAIN_SELF = YES;
				CLANG_WARN_OBJC_LITERAL_CONVERSION = YES;
				CLANG_WARN_OBJC_ROOT_CLASS = YES_ERROR;
				CLANG_WARN_QUOTED_INCLUDE_IN_FRAMEWORK_HEADER = YES;
				CLANG_WARN_RANGE_LOOP_ANALYSIS = YES;
				CLANG_WARN_STRICT_PROTOTYPES = YES;
				CLANG_WARN_SUSPICIOUS_MOVE = YES;
				CLANG_WARN_UNGUARDED_AVAILABILITY = YES_AGGRESSIVE;
				CLANG_WARN_UNREACHABLE_CODE = YES;
				CLANG_WARN__DUPLICATE_METHOD_MATCH = YES;
				COPY_PHASE_STRIP = NO;
				DEBUG_INFORMATION_FORMAT = "dwarf-with-dsym";
				ENABLE_NS_ASSERTIONS = NO;
				ENABLE_STRICT_OBJC_MSGSEND = YES;
				GCC_C_LANGUAGE_STANDARD = gnu11;
				GCC_NO_COMMON_BLOCKS = YES;
				GCC_WARN_64_TO_32_BIT_CONVERSION = YES;
				GCC_WARN_ABOUT_RETURN_TYPE = YES_ERROR;
				GCC_WARN_UNDECLARED_SELECTOR = YES;
				GCC_WARN_UNINITIALIZED_AUTOS = YES_AGGRESSIVE;
				GCC_WARN_UNUSED_FUNCTION = YES;
				GCC_WARN_UNUSED_VARIABLE = YES;
				IPHONEOS_DEPLOYMENT_TARGET = 14.0;
				MTL_ENABLE_DEBUG_INFO = NO;
				MTL_FAST_MATH = YES;
				SDKROOT = iphoneos;
				SWIFT_COMPILATION_MODE = wholemodule;
				SWIFT_OPTIMIZATION_LEVEL = "-O";
				VALIDATE_PRODUCT = YES;
			};
			name = Release;
		};
		2CEC6CE3292695AF000EB2E5 /* Debug */ = {
			isa = XCBuildConfiguration;
			buildSettings = {
				ASSETCATALOG_COMPILER_APPICON_NAME = AppIcon;
				ASSETCATALOG_COMPILER_GLOBAL_ACCENT_COLOR_NAME = AccentColor;
				CODE_SIGN_IDENTITY = "Apple Development";
				CODE_SIGN_STYLE = Automatic;
				CURRENT_PROJECT_VERSION = 1;
				DEVELOPMENT_ASSET_PATHS = "";
				DEVELOPMENT_TEAM = 6ZAQ66ZPVF;
				ENABLE_PREVIEWS = YES;
				GENERATE_INFOPLIST_FILE = YES;
				INFOPLIST_FILE = Info.plist;
				INFOPLIST_KEY_NSCameraUsageDescription = "Camera needed for QR code scan";
				INFOPLIST_KEY_NSFaceIDUsageDescription = "Private Key Access";
				INFOPLIST_KEY_UIApplicationSceneManifest_Generation = YES;
				INFOPLIST_KEY_UIApplicationSupportsIndirectInputEvents = YES;
				INFOPLIST_KEY_UILaunchScreen_Generation = YES;
				INFOPLIST_KEY_UISupportedInterfaceOrientations_iPad = "UIInterfaceOrientationPortrait UIInterfaceOrientationPortraitUpsideDown UIInterfaceOrientationLandscapeLeft UIInterfaceOrientationLandscapeRight";
				INFOPLIST_KEY_UISupportedInterfaceOrientations_iPhone = "UIInterfaceOrientationPortrait UIInterfaceOrientationLandscapeLeft UIInterfaceOrientationLandscapeRight";
				IPHONEOS_DEPLOYMENT_TARGET = 14.0;
				LD_RUNPATH_SEARCH_PATHS = (
					"$(inherited)",
					"@executable_path/Frameworks",
				);
				MARKETING_VERSION = 1.3;
				PRODUCT_BUNDLE_IDENTIFIER = com.fltrwallet;
				PRODUCT_NAME = "$(TARGET_NAME)";
				PROVISIONING_PROFILE_SPECIFIER = "";
				SWIFT_EMIT_LOC_STRINGS = YES;
				SWIFT_VERSION = 5.0;
				TARGETED_DEVICE_FAMILY = "1,2";
			};
			name = Debug;
		};
		2CEC6CE4292695AF000EB2E5 /* Release */ = {
			isa = XCBuildConfiguration;
			buildSettings = {
				ASSETCATALOG_COMPILER_APPICON_NAME = AppIcon;
				ASSETCATALOG_COMPILER_GLOBAL_ACCENT_COLOR_NAME = AccentColor;
				CODE_SIGN_IDENTITY = "Apple Development";
				CODE_SIGN_STYLE = Automatic;
				CURRENT_PROJECT_VERSION = 1;
				DEVELOPMENT_ASSET_PATHS = "";
				DEVELOPMENT_TEAM = 6ZAQ66ZPVF;
				ENABLE_PREVIEWS = YES;
				GENERATE_INFOPLIST_FILE = YES;
				INFOPLIST_FILE = Info.plist;
				INFOPLIST_KEY_NSCameraUsageDescription = "Camera needed for QR code scan";
				INFOPLIST_KEY_NSFaceIDUsageDescription = "Private Key Access";
				INFOPLIST_KEY_UIApplicationSceneManifest_Generation = YES;
				INFOPLIST_KEY_UIApplicationSupportsIndirectInputEvents = YES;
				INFOPLIST_KEY_UILaunchScreen_Generation = YES;
				INFOPLIST_KEY_UISupportedInterfaceOrientations_iPad = "UIInterfaceOrientationPortrait UIInterfaceOrientationPortraitUpsideDown UIInterfaceOrientationLandscapeLeft UIInterfaceOrientationLandscapeRight";
				INFOPLIST_KEY_UISupportedInterfaceOrientations_iPhone = "UIInterfaceOrientationPortrait UIInterfaceOrientationLandscapeLeft UIInterfaceOrientationLandscapeRight";
				IPHONEOS_DEPLOYMENT_TARGET = 14.0;
				LD_RUNPATH_SEARCH_PATHS = (
					"$(inherited)",
					"@executable_path/Frameworks",
				);
				MARKETING_VERSION = 1.3;
				PRODUCT_BUNDLE_IDENTIFIER = com.fltrwallet;
				PRODUCT_NAME = "$(TARGET_NAME)";
				PROVISIONING_PROFILE_SPECIFIER = "";
				SWIFT_EMIT_LOC_STRINGS = YES;
				SWIFT_VERSION = 5.0;
				TARGETED_DEVICE_FAMILY = "1,2";
			};
			name = Release;
		};
/* End XCBuildConfiguration section */

/* Begin XCConfigurationList section */
		2CEC6CCF292695AF000EB2E5 /* Build configuration list for PBXProject "fltrWallet" */ = {
			isa = XCConfigurationList;
			buildConfigurations = (
				2CEC6CE0292695AF000EB2E5 /* Debug */,
				2CEC6CE1292695AF000EB2E5 /* Release */,
			);
			defaultConfigurationIsVisible = 0;
			defaultConfigurationName = Release;
		};
		2CEC6CE2292695AF000EB2E5 /* Build configuration list for PBXNativeTarget "fltrWallet" */ = {
			isa = XCConfigurationList;
			buildConfigurations = (
				2CEC6CE3292695AF000EB2E5 /* Debug */,
				2CEC6CE4292695AF000EB2E5 /* Release */,
			);
			defaultConfigurationIsVisible = 0;
			defaultConfigurationName = Release;
		};
/* End XCConfigurationList section */

/* Begin XCRemoteSwiftPackageReference section */
		2C753CAD29B0C361003F0784 /* XCRemoteSwiftPackageReference "fltrWallet" */ = {
			isa = XCRemoteSwiftPackageReference;
			repositoryURL = "https://github.com/fltrWallet/fltrWallet.git";
			requirement = {
				branch = main;
				kind = branch;
			};
		};
/* End XCRemoteSwiftPackageReference section */

/* Begin XCSwiftPackageProductDependency section */
		2C753CAE29B0C361003F0784 /* fltrWallet-lib */ = {
			isa = XCSwiftPackageProductDependency;
			package = 2C753CAD29B0C361003F0784 /* XCRemoteSwiftPackageReference "fltrWallet" */;
			productName = "fltrWallet-lib";
		};
/* End XCSwiftPackageProductDependency section */
	};
	rootObject = 2CEC6CCC292695AF000EB2E5 /* Project object */;
}
